// !$*UTF8*$!
{
	archiveVersion = 1;
	classes = {
	};
	objectVersion = 46;
	objects = {

/* Begin PBXBuildFile section */
		57584246162D1B85008DA210 /* Monster.cpp in Sources */ = {isa = PBXBuildFile; fileRef = 57584244162D1B85008DA210 /* Monster.cpp */; };
		57584249162D3884008DA210 /* AutoAttackComponent.cpp in Sources */ = {isa = PBXBuildFile; fileRef = 57584247162D3884008DA210 /* AutoAttackComponent.cpp */; };
		5758424C162D39A0008DA210 /* ManualAttackComponent.cpp in Sources */ = {isa = PBXBuildFile; fileRef = 5758424A162D39A0008DA210 /* ManualAttackComponent.cpp */; };
		5763BF9F1608554E0068D420 /* QuartzCore.framework in Frameworks */ = {isa = PBXBuildFile; fileRef = 5763BF9E1608554E0068D420 /* QuartzCore.framework */; };
		5763BFA11608554E0068D420 /* OpenGLES.framework in Frameworks */ = {isa = PBXBuildFile; fileRef = 5763BFA01608554E0068D420 /* OpenGLES.framework */; };
		5763BFA31608554E0068D420 /* OpenAL.framework in Frameworks */ = {isa = PBXBuildFile; fileRef = 5763BFA21608554E0068D420 /* OpenAL.framework */; };
		5763BFA51608554E0068D420 /* AudioToolbox.framework in Frameworks */ = {isa = PBXBuildFile; fileRef = 5763BFA41608554E0068D420 /* AudioToolbox.framework */; };
		5763BFA71608554E0068D420 /* AVFoundation.framework in Frameworks */ = {isa = PBXBuildFile; fileRef = 5763BFA61608554E0068D420 /* AVFoundation.framework */; };
		5763BFA91608554E0068D420 /* UIKit.framework in Frameworks */ = {isa = PBXBuildFile; fileRef = 5763BFA81608554E0068D420 /* UIKit.framework */; };
		5763BFAB1608554E0068D420 /* Foundation.framework in Frameworks */ = {isa = PBXBuildFile; fileRef = 5763BFAA1608554E0068D420 /* Foundation.framework */; };
		5763BFAD1608554E0068D420 /* CoreGraphics.framework in Frameworks */ = {isa = PBXBuildFile; fileRef = 5763BFAC1608554E0068D420 /* CoreGraphics.framework */; };
		5763C234160855E90068D420 /* AppController.mm in Sources */ = {isa = PBXBuildFile; fileRef = 5763C230160855E90068D420 /* AppController.mm */; };
		5763C235160855E90068D420 /* main.m in Sources */ = {isa = PBXBuildFile; fileRef = 5763C231160855E90068D420 /* main.m */; };
		5763C236160855E90068D420 /* RootViewController.mm in Sources */ = {isa = PBXBuildFile; fileRef = 5763C233160855E90068D420 /* RootViewController.mm */; };
		5763C240160856100068D420 /* libcocos2dx.a in Frameworks */ = {isa = PBXBuildFile; fileRef = 5763C23F160855F90068D420 /* libcocos2dx.a */; };
		5763C249160856DB0068D420 /* AppDelegate.cpp in Sources */ = {isa = PBXBuildFile; fileRef = 5763C245160856DB0068D420 /* AppDelegate.cpp */; };
		5763C24A160856DB0068D420 /* HelloWorldScene.cpp in Sources */ = {isa = PBXBuildFile; fileRef = 5763C247160856DB0068D420 /* HelloWorldScene.cpp */; };
		5763C256160856E20068D420 /* CloseNormal.png in Resources */ = {isa = PBXBuildFile; fileRef = 5763C24C160856E20068D420 /* CloseNormal.png */; };
		5763C257160856E20068D420 /* CloseSelected.png in Resources */ = {isa = PBXBuildFile; fileRef = 5763C24D160856E20068D420 /* CloseSelected.png */; };
		5763C258160856E20068D420 /* Default.png in Resources */ = {isa = PBXBuildFile; fileRef = 5763C24E160856E20068D420 /* Default.png */; };
		5763C259160856E20068D420 /* HelloWorld.png in Resources */ = {isa = PBXBuildFile; fileRef = 5763C24F160856E20068D420 /* HelloWorld.png */; };
		5763C25A160856E20068D420 /* Icon-72.png in Resources */ = {isa = PBXBuildFile; fileRef = 5763C250160856E20068D420 /* Icon-72.png */; };
		5763C25B160856E20068D420 /* Icon-Small-50.png in Resources */ = {isa = PBXBuildFile; fileRef = 5763C251160856E20068D420 /* Icon-Small-50.png */; };
		5763C25C160856E20068D420 /* Icon-Small.png in Resources */ = {isa = PBXBuildFile; fileRef = 5763C252160856E20068D420 /* Icon-Small.png */; };
		5763C25D160856E20068D420 /* Icon-Small@2x.png in Resources */ = {isa = PBXBuildFile; fileRef = 5763C253160856E20068D420 /* Icon-Small@2x.png */; };
		5763C25E160856E20068D420 /* Icon.png in Resources */ = {isa = PBXBuildFile; fileRef = 5763C254160856E20068D420 /* Icon.png */; };
		5763C25F160856E20068D420 /* Icon@2x.png in Resources */ = {isa = PBXBuildFile; fileRef = 5763C255160856E20068D420 /* Icon@2x.png */; };
		5763C2DE1608570A0068D420 /* CDAudioManager.m in Sources */ = {isa = PBXBuildFile; fileRef = 5763C27B1608570A0068D420 /* CDAudioManager.m */; };
		5763C2DF1608570A0068D420 /* CDOpenALSupport.m in Sources */ = {isa = PBXBuildFile; fileRef = 5763C27E1608570A0068D420 /* CDOpenALSupport.m */; };
		5763C2E01608570A0068D420 /* CocosDenshion.m in Sources */ = {isa = PBXBuildFile; fileRef = 5763C2801608570A0068D420 /* CocosDenshion.m */; };
		5763C2E11608570A0068D420 /* SimpleAudioEngine.mm in Sources */ = {isa = PBXBuildFile; fileRef = 5763C2811608570A0068D420 /* SimpleAudioEngine.mm */; };
		5763C2E21608570A0068D420 /* SimpleAudioEngine_objc.m in Sources */ = {isa = PBXBuildFile; fileRef = 5763C2831608570A0068D420 /* SimpleAudioEngine_objc.m */; };
		5791DDD81609703E00D996E9 /* AttackComponent.cpp in Sources */ = {isa = PBXBuildFile; fileRef = 5791DDD31609703E00D996E9 /* AttackComponent.cpp */; };
		5791DDD91609703E00D996E9 /* Component.cpp in Sources */ = {isa = PBXBuildFile; fileRef = 5791DDD51609703E00D996E9 /* Component.cpp */; };
		5791DDE5160982EE00D996E9 /* Player.cpp in Sources */ = {isa = PBXBuildFile; fileRef = 5791DDE3160982EE00D996E9 /* Player.cpp */; };
		5791DDF416098BC800D996E9 /* CCCompleteMessageManager.cpp in Sources */ = {isa = PBXBuildFile; fileRef = 5791DDE716098BC800D996E9 /* CCCompleteMessageManager.cpp */; };
		5791DDF516098BC800D996E9 /* CCMessage.cpp in Sources */ = {isa = PBXBuildFile; fileRef = 5791DDEA16098BC800D996E9 /* CCMessage.cpp */; };
		5791DDF616098BC800D996E9 /* CCMessageHandler.cpp in Sources */ = {isa = PBXBuildFile; fileRef = 5791DDEC16098BC800D996E9 /* CCMessageHandler.cpp */; };
		5791DDF716098BC800D996E9 /* CCMessageManager.cpp in Sources */ = {isa = PBXBuildFile; fileRef = 5791DDEE16098BC800D996E9 /* CCMessageManager.cpp */; };
		5791DDF816098BC800D996E9 /* CCNormalMessageManager.cpp in Sources */ = {isa = PBXBuildFile; fileRef = 5791DDF016098BC800D996E9 /* CCNormalMessageManager.cpp */; };
		5791DDF916098BC800D996E9 /* CCSimpleMessageManager.cpp in Sources */ = {isa = PBXBuildFile; fileRef = 5791DDF216098BC800D996E9 /* CCSimpleMessageManager.cpp */; };
		5791DE181609B7AE00D996E9 /* GameEntity.cpp in Sources */ = {isa = PBXBuildFile; fileRef = 5791DDE0160982C200D996E9 /* GameEntity.cpp */; };
		57CAC2261609CC2600B21CC3 /* GameEntity2.h in Resources */ = {isa = PBXBuildFile; fileRef = 57CAC2251609CC2600B21CC3 /* GameEntity2.h */; };
		57CAC22B1609DF0700B21CC3 /* CCSpecMessageManager.cpp in Sources */ = {isa = PBXBuildFile; fileRef = 57CAC2291609DF0600B21CC3 /* CCSpecMessageManager.cpp */; };
/* End PBXBuildFile section */

/* Begin PBXContainerItemProxy section */
		5763C23E160855F90068D420 /* PBXContainerItemProxy */ = {
			isa = PBXContainerItemProxy;
			containerPortal = 5763C237160855F80068D420 /* cocos2dx.xcodeproj */;
			proxyType = 2;
			remoteGlobalIDString = 1551A33F158F2AB200E66CFE;
			remoteInfo = cocos2dx;
		};
		5763C241160856160068D420 /* PBXContainerItemProxy */ = {
			isa = PBXContainerItemProxy;
			containerPortal = 5763C237160855F80068D420 /* cocos2dx.xcodeproj */;
			proxyType = 1;
			remoteGlobalIDString = 1551A33E158F2AB200E66CFE;
			remoteInfo = cocos2dx;
		};
/* End PBXContainerItemProxy section */

/* Begin PBXFileReference section */
		57584244162D1B85008DA210 /* Monster.cpp */ = {isa = PBXFileReference; fileEncoding = 4; lastKnownFileType = sourcecode.cpp.cpp; path = Monster.cpp; sourceTree = "<group>"; };
		57584245162D1B85008DA210 /* Monster.h */ = {isa = PBXFileReference; fileEncoding = 4; lastKnownFileType = sourcecode.c.h; path = Monster.h; sourceTree = "<group>"; };
		57584247162D3884008DA210 /* AutoAttackComponent.cpp */ = {isa = PBXFileReference; fileEncoding = 4; lastKnownFileType = sourcecode.cpp.cpp; path = AutoAttackComponent.cpp; sourceTree = "<group>"; };
		57584248162D3884008DA210 /* AutoAttackComponent.h */ = {isa = PBXFileReference; fileEncoding = 4; lastKnownFileType = sourcecode.c.h; path = AutoAttackComponent.h; sourceTree = "<group>"; };
		5758424A162D39A0008DA210 /* ManualAttackComponent.cpp */ = {isa = PBXFileReference; fileEncoding = 4; lastKnownFileType = sourcecode.cpp.cpp; path = ManualAttackComponent.cpp; sourceTree = "<group>"; };
		5758424B162D39A0008DA210 /* ManualAttackComponent.h */ = {isa = PBXFileReference; fileEncoding = 4; lastKnownFileType = sourcecode.c.h; path = ManualAttackComponent.h; sourceTree = "<group>"; };
		5763BF9A1608554E0068D420 /* GameComponents.app */ = {isa = PBXFileReference; explicitFileType = wrapper.application; includeInIndex = 0; path = GameComponents.app; sourceTree = BUILT_PRODUCTS_DIR; };
		5763BF9E1608554E0068D420 /* QuartzCore.framework */ = {isa = PBXFileReference; lastKnownFileType = wrapper.framework; name = QuartzCore.framework; path = System/Library/Frameworks/QuartzCore.framework; sourceTree = SDKROOT; };
		5763BFA01608554E0068D420 /* OpenGLES.framework */ = {isa = PBXFileReference; lastKnownFileType = wrapper.framework; name = OpenGLES.framework; path = System/Library/Frameworks/OpenGLES.framework; sourceTree = SDKROOT; };
		5763BFA21608554E0068D420 /* OpenAL.framework */ = {isa = PBXFileReference; lastKnownFileType = wrapper.framework; name = OpenAL.framework; path = System/Library/Frameworks/OpenAL.framework; sourceTree = SDKROOT; };
		5763BFA41608554E0068D420 /* AudioToolbox.framework */ = {isa = PBXFileReference; lastKnownFileType = wrapper.framework; name = AudioToolbox.framework; path = System/Library/Frameworks/AudioToolbox.framework; sourceTree = SDKROOT; };
		5763BFA61608554E0068D420 /* AVFoundation.framework */ = {isa = PBXFileReference; lastKnownFileType = wrapper.framework; name = AVFoundation.framework; path = System/Library/Frameworks/AVFoundation.framework; sourceTree = SDKROOT; };
		5763BFA81608554E0068D420 /* UIKit.framework */ = {isa = PBXFileReference; lastKnownFileType = wrapper.framework; name = UIKit.framework; path = System/Library/Frameworks/UIKit.framework; sourceTree = SDKROOT; };
		5763BFAA1608554E0068D420 /* Foundation.framework */ = {isa = PBXFileReference; lastKnownFileType = wrapper.framework; name = Foundation.framework; path = System/Library/Frameworks/Foundation.framework; sourceTree = SDKROOT; };
		5763BFAC1608554E0068D420 /* CoreGraphics.framework */ = {isa = PBXFileReference; lastKnownFileType = wrapper.framework; name = CoreGraphics.framework; path = System/Library/Frameworks/CoreGraphics.framework; sourceTree = SDKROOT; };
		5763C22F160855E90068D420 /* AppController.h */ = {isa = PBXFileReference; fileEncoding = 4; lastKnownFileType = sourcecode.c.h; path = AppController.h; sourceTree = SOURCE_ROOT; };
		5763C230160855E90068D420 /* AppController.mm */ = {isa = PBXFileReference; fileEncoding = 4; lastKnownFileType = sourcecode.cpp.objcpp; path = AppController.mm; sourceTree = SOURCE_ROOT; };
		5763C231160855E90068D420 /* main.m */ = {isa = PBXFileReference; fileEncoding = 4; lastKnownFileType = sourcecode.c.objc; path = main.m; sourceTree = SOURCE_ROOT; };
		5763C232160855E90068D420 /* RootViewController.h */ = {isa = PBXFileReference; fileEncoding = 4; lastKnownFileType = sourcecode.c.h; path = RootViewController.h; sourceTree = SOURCE_ROOT; };
		5763C233160855E90068D420 /* RootViewController.mm */ = {isa = PBXFileReference; fileEncoding = 4; lastKnownFileType = sourcecode.cpp.objcpp; path = RootViewController.mm; sourceTree = SOURCE_ROOT; };
		5763C237160855F80068D420 /* cocos2dx.xcodeproj */ = {isa = PBXFileReference; lastKnownFileType = "wrapper.pb-project"; name = cocos2dx.xcodeproj; path = ../../cocos2dx/proj.ios/cocos2dx.xcodeproj; sourceTree = "<group>"; };
		5763C245160856DB0068D420 /* AppDelegate.cpp */ = {isa = PBXFileReference; fileEncoding = 4; lastKnownFileType = sourcecode.cpp.cpp; path = AppDelegate.cpp; sourceTree = "<group>"; };
		5763C246160856DB0068D420 /* AppDelegate.h */ = {isa = PBXFileReference; fileEncoding = 4; lastKnownFileType = sourcecode.c.h; path = AppDelegate.h; sourceTree = "<group>"; };
		5763C247160856DB0068D420 /* HelloWorldScene.cpp */ = {isa = PBXFileReference; fileEncoding = 4; lastKnownFileType = sourcecode.cpp.cpp; path = HelloWorldScene.cpp; sourceTree = "<group>"; };
		5763C248160856DB0068D420 /* HelloWorldScene.h */ = {isa = PBXFileReference; fileEncoding = 4; lastKnownFileType = sourcecode.c.h; path = HelloWorldScene.h; sourceTree = "<group>"; };
		5763C24C160856E20068D420 /* CloseNormal.png */ = {isa = PBXFileReference; lastKnownFileType = image.png; path = CloseNormal.png; sourceTree = "<group>"; };
		5763C24D160856E20068D420 /* CloseSelected.png */ = {isa = PBXFileReference; lastKnownFileType = image.png; path = CloseSelected.png; sourceTree = "<group>"; };
		5763C24E160856E20068D420 /* Default.png */ = {isa = PBXFileReference; lastKnownFileType = image.png; path = Default.png; sourceTree = "<group>"; };
		5763C24F160856E20068D420 /* HelloWorld.png */ = {isa = PBXFileReference; lastKnownFileType = image.png; path = HelloWorld.png; sourceTree = "<group>"; };
		5763C250160856E20068D420 /* Icon-72.png */ = {isa = PBXFileReference; lastKnownFileType = image.png; path = "Icon-72.png"; sourceTree = "<group>"; };
		5763C251160856E20068D420 /* Icon-Small-50.png */ = {isa = PBXFileReference; lastKnownFileType = image.png; path = "Icon-Small-50.png"; sourceTree = "<group>"; };
		5763C252160856E20068D420 /* Icon-Small.png */ = {isa = PBXFileReference; lastKnownFileType = image.png; path = "Icon-Small.png"; sourceTree = "<group>"; };
		5763C253160856E20068D420 /* Icon-Small@2x.png */ = {isa = PBXFileReference; lastKnownFileType = image.png; path = "Icon-Small@2x.png"; sourceTree = "<group>"; };
		5763C254160856E20068D420 /* Icon.png */ = {isa = PBXFileReference; lastKnownFileType = image.png; path = Icon.png; sourceTree = "<group>"; };
		5763C255160856E20068D420 /* Icon@2x.png */ = {isa = PBXFileReference; lastKnownFileType = image.png; path = "Icon@2x.png"; sourceTree = "<group>"; };
		5763C2771608570A0068D420 /* Export.h */ = {isa = PBXFileReference; fileEncoding = 4; lastKnownFileType = sourcecode.c.h; path = Export.h; sourceTree = "<group>"; };
		5763C2781608570A0068D420 /* SimpleAudioEngine.h */ = {isa = PBXFileReference; fileEncoding = 4; lastKnownFileType = sourcecode.c.h; path = SimpleAudioEngine.h; sourceTree = "<group>"; };
		5763C27A1608570A0068D420 /* CDAudioManager.h */ = {isa = PBXFileReference; fileEncoding = 4; lastKnownFileType = sourcecode.c.h; path = CDAudioManager.h; sourceTree = "<group>"; };
		5763C27B1608570A0068D420 /* CDAudioManager.m */ = {isa = PBXFileReference; fileEncoding = 4; lastKnownFileType = sourcecode.c.objc; path = CDAudioManager.m; sourceTree = "<group>"; };
		5763C27C1608570A0068D420 /* CDConfig.h */ = {isa = PBXFileReference; fileEncoding = 4; lastKnownFileType = sourcecode.c.h; path = CDConfig.h; sourceTree = "<group>"; };
		5763C27D1608570A0068D420 /* CDOpenALSupport.h */ = {isa = PBXFileReference; fileEncoding = 4; lastKnownFileType = sourcecode.c.h; path = CDOpenALSupport.h; sourceTree = "<group>"; };
		5763C27E1608570A0068D420 /* CDOpenALSupport.m */ = {isa = PBXFileReference; fileEncoding = 4; lastKnownFileType = sourcecode.c.objc; path = CDOpenALSupport.m; sourceTree = "<group>"; };
		5763C27F1608570A0068D420 /* CocosDenshion.h */ = {isa = PBXFileReference; fileEncoding = 4; lastKnownFileType = sourcecode.c.h; path = CocosDenshion.h; sourceTree = "<group>"; };
		5763C2801608570A0068D420 /* CocosDenshion.m */ = {isa = PBXFileReference; fileEncoding = 4; lastKnownFileType = sourcecode.c.objc; path = CocosDenshion.m; sourceTree = "<group>"; };
		5763C2811608570A0068D420 /* SimpleAudioEngine.mm */ = {isa = PBXFileReference; fileEncoding = 4; lastKnownFileType = sourcecode.cpp.objcpp; path = SimpleAudioEngine.mm; sourceTree = "<group>"; };
		5763C2821608570A0068D420 /* SimpleAudioEngine_objc.h */ = {isa = PBXFileReference; fileEncoding = 4; lastKnownFileType = sourcecode.c.h; path = SimpleAudioEngine_objc.h; sourceTree = "<group>"; };
		5763C2831608570A0068D420 /* SimpleAudioEngine_objc.m */ = {isa = PBXFileReference; fileEncoding = 4; lastKnownFileType = sourcecode.c.objc; path = SimpleAudioEngine_objc.m; sourceTree = "<group>"; };
		5791DDD31609703E00D996E9 /* AttackComponent.cpp */ = {isa = PBXFileReference; fileEncoding = 4; lastKnownFileType = sourcecode.cpp.cpp; path = AttackComponent.cpp; sourceTree = "<group>"; };
		5791DDD41609703E00D996E9 /* AttackComponent.h */ = {isa = PBXFileReference; fileEncoding = 4; lastKnownFileType = sourcecode.c.h; path = AttackComponent.h; sourceTree = "<group>"; };
		5791DDD51609703E00D996E9 /* Component.cpp */ = {isa = PBXFileReference; fileEncoding = 4; lastKnownFileType = sourcecode.cpp.cpp; path = Component.cpp; sourceTree = "<group>"; };
		5791DDD61609703E00D996E9 /* Component.h */ = {isa = PBXFileReference; fileEncoding = 4; lastKnownFileType = sourcecode.c.h; path = Component.h; sourceTree = "<group>"; };
		5791DDDA160979FE00D996E9 /* YHMacros.h */ = {isa = PBXFileReference; lastKnownFileType = sourcecode.c.h; path = YHMacros.h; sourceTree = "<group>"; };
		5791DDE0160982C200D996E9 /* GameEntity.cpp */ = {isa = PBXFileReference; fileEncoding = 4; lastKnownFileType = sourcecode.cpp.cpp; path = GameEntity.cpp; sourceTree = "<group>"; };
		5791DDE1160982C200D996E9 /* GameEntity.h */ = {isa = PBXFileReference; fileEncoding = 4; lastKnownFileType = sourcecode.c.h; path = GameEntity.h; sourceTree = "<group>"; };
		5791DDE3160982EE00D996E9 /* Player.cpp */ = {isa = PBXFileReference; fileEncoding = 4; lastKnownFileType = sourcecode.cpp.cpp; path = Player.cpp; sourceTree = "<group>"; };
		5791DDE4160982EE00D996E9 /* Player.h */ = {isa = PBXFileReference; fileEncoding = 4; lastKnownFileType = sourcecode.c.h; path = Player.h; sourceTree = "<group>"; };
		5791DDE716098BC800D996E9 /* CCCompleteMessageManager.cpp */ = {isa = PBXFileReference; fileEncoding = 4; lastKnownFileType = sourcecode.cpp.cpp; path = CCCompleteMessageManager.cpp; sourceTree = "<group>"; };
		5791DDE816098BC800D996E9 /* CCCompleteMessageManager.h */ = {isa = PBXFileReference; fileEncoding = 4; lastKnownFileType = sourcecode.c.h; path = CCCompleteMessageManager.h; sourceTree = "<group>"; };
		5791DDE916098BC800D996E9 /* CCIMessageManager.h */ = {isa = PBXFileReference; fileEncoding = 4; lastKnownFileType = sourcecode.c.h; path = CCIMessageManager.h; sourceTree = "<group>"; };
		5791DDEA16098BC800D996E9 /* CCMessage.cpp */ = {isa = PBXFileReference; fileEncoding = 4; lastKnownFileType = sourcecode.cpp.cpp; path = CCMessage.cpp; sourceTree = "<group>"; };
		5791DDEB16098BC800D996E9 /* CCMessage.h */ = {isa = PBXFileReference; fileEncoding = 4; lastKnownFileType = sourcecode.c.h; path = CCMessage.h; sourceTree = "<group>"; };
		5791DDEC16098BC800D996E9 /* CCMessageHandler.cpp */ = {isa = PBXFileReference; fileEncoding = 4; lastKnownFileType = sourcecode.cpp.cpp; path = CCMessageHandler.cpp; sourceTree = "<group>"; };
		5791DDED16098BC800D996E9 /* CCMessageHandler.h */ = {isa = PBXFileReference; fileEncoding = 4; lastKnownFileType = sourcecode.c.h; path = CCMessageHandler.h; sourceTree = "<group>"; };
		5791DDEE16098BC800D996E9 /* CCMessageManager.cpp */ = {isa = PBXFileReference; fileEncoding = 4; lastKnownFileType = sourcecode.cpp.cpp; path = CCMessageManager.cpp; sourceTree = "<group>"; };
		5791DDEF16098BC800D996E9 /* CCMessageManager.h */ = {isa = PBXFileReference; fileEncoding = 4; lastKnownFileType = sourcecode.c.h; path = CCMessageManager.h; sourceTree = "<group>"; };
		5791DDF016098BC800D996E9 /* CCNormalMessageManager.cpp */ = {isa = PBXFileReference; fileEncoding = 4; lastKnownFileType = sourcecode.cpp.cpp; path = CCNormalMessageManager.cpp; sourceTree = "<group>"; };
		5791DDF116098BC800D996E9 /* CCNormalMessageManager.h */ = {isa = PBXFileReference; fileEncoding = 4; lastKnownFileType = sourcecode.c.h; path = CCNormalMessageManager.h; sourceTree = "<group>"; };
		5791DDF216098BC800D996E9 /* CCSimpleMessageManager.cpp */ = {isa = PBXFileReference; fileEncoding = 4; lastKnownFileType = sourcecode.cpp.cpp; path = CCSimpleMessageManager.cpp; sourceTree = "<group>"; };
		5791DDF316098BC800D996E9 /* CCSimpleMessageManager.h */ = {isa = PBXFileReference; fileEncoding = 4; lastKnownFileType = sourcecode.c.h; path = CCSimpleMessageManager.h; sourceTree = "<group>"; };
		5791DE141609935600D996E9 /* GameMessages.h */ = {isa = PBXFileReference; lastKnownFileType = sourcecode.c.h; path = GameMessages.h; sourceTree = "<group>"; };
		5791DE151609A30F00D996E9 /* ComponentEntity.h */ = {isa = PBXFileReference; lastKnownFileType = sourcecode.c.h; path = ComponentEntity.h; sourceTree = "<group>"; };
		5791DE161609A37B00D996E9 /* ComponentEntity.cpp */ = {isa = PBXFileReference; fileEncoding = 4; lastKnownFileType = sourcecode.cpp.cpp; path = ComponentEntity.cpp; sourceTree = "<group>"; };
		57CAC2251609CC2600B21CC3 /* GameEntity2.h */ = {isa = PBXFileReference; fileEncoding = 4; lastKnownFileType = sourcecode.c.h; path = GameEntity2.h; sourceTree = "<group>"; };
		57CAC2271609CC4D00B21CC3 /* GameEntity2.cpp */ = {isa = PBXFileReference; fileEncoding = 4; lastKnownFileType = sourcecode.cpp.cpp; path = GameEntity2.cpp; sourceTree = "<group>"; };
		57CAC2291609DF0600B21CC3 /* CCSpecMessageManager.cpp */ = {isa = PBXFileReference; fileEncoding = 4; lastKnownFileType = sourcecode.cpp.cpp; path = CCSpecMessageManager.cpp; sourceTree = "<group>"; };
		57CAC22A1609DF0600B21CC3 /* CCSpecMessageManager.h */ = {isa = PBXFileReference; fileEncoding = 4; lastKnownFileType = sourcecode.c.h; path = CCSpecMessageManager.h; sourceTree = "<group>"; };
/* End PBXFileReference section */

/* Begin PBXFrameworksBuildPhase section */
		5763BF971608554E0068D420 /* Frameworks */ = {
			isa = PBXFrameworksBuildPhase;
			buildActionMask = 2147483647;
			files = (
				5763C240160856100068D420 /* libcocos2dx.a in Frameworks */,
				5763BF9F1608554E0068D420 /* QuartzCore.framework in Frameworks */,
				5763BFA11608554E0068D420 /* OpenGLES.framework in Frameworks */,
				5763BFA31608554E0068D420 /* OpenAL.framework in Frameworks */,
				5763BFA51608554E0068D420 /* AudioToolbox.framework in Frameworks */,
				5763BFA71608554E0068D420 /* AVFoundation.framework in Frameworks */,
				5763BFA91608554E0068D420 /* UIKit.framework in Frameworks */,
				5763BFAB1608554E0068D420 /* Foundation.framework in Frameworks */,
				5763BFAD1608554E0068D420 /* CoreGraphics.framework in Frameworks */,
			);
			runOnlyForDeploymentPostprocessing = 0;
		};
/* End PBXFrameworksBuildPhase section */

/* Begin PBXGroup section */
		5763BF8F1608554D0068D420 = {
			isa = PBXGroup;
			children = (
				5763C237160855F80068D420 /* cocos2dx.xcodeproj */,
				5763C244160856DB0068D420 /* Classes */,
				5763BF9D1608554E0068D420 /* Frameworks */,
				5763BF9B1608554E0068D420 /* Products */,
				5763C22D160855BC0068D420 /* ios */,
				5763C2601608570A0068D420 /* CocosDenshion */,
				5763C24B160856E20068D420 /* Resources */,
			);
			sourceTree = "<group>";
		};
		5763BF9B1608554E0068D420 /* Products */ = {
			isa = PBXGroup;
			children = (
				5763BF9A1608554E0068D420 /* GameComponents.app */,
			);
			name = Products;
			sourceTree = "<group>";
		};
		5763BF9D1608554E0068D420 /* Frameworks */ = {
			isa = PBXGroup;
			children = (
				5763BF9E1608554E0068D420 /* QuartzCore.framework */,
				5763BFA01608554E0068D420 /* OpenGLES.framework */,
				5763BFA21608554E0068D420 /* OpenAL.framework */,
				5763BFA41608554E0068D420 /* AudioToolbox.framework */,
				5763BFA61608554E0068D420 /* AVFoundation.framework */,
				5763BFA81608554E0068D420 /* UIKit.framework */,
				5763BFAA1608554E0068D420 /* Foundation.framework */,
				5763BFAC1608554E0068D420 /* CoreGraphics.framework */,
			);
			name = Frameworks;
			sourceTree = "<group>";
		};
		5763C22D160855BC0068D420 /* ios */ = {
			isa = PBXGroup;
			children = (
				5763C22F160855E90068D420 /* AppController.h */,
				5763C230160855E90068D420 /* AppController.mm */,
				5763C231160855E90068D420 /* main.m */,
				5763C232160855E90068D420 /* RootViewController.h */,
				5763C233160855E90068D420 /* RootViewController.mm */,
			);
			name = ios;
			path = GameComponents;
			sourceTree = "<group>";
		};
		5763C238160855F80068D420 /* Products */ = {
			isa = PBXGroup;
			children = (
				5763C23F160855F90068D420 /* libcocos2dx.a */,
			);
			name = Products;
			sourceTree = "<group>";
		};
		5763C244160856DB0068D420 /* Classes */ = {
			isa = PBXGroup;
			children = (
				5791DDE616098BC700D996E9 /* Message */,
				5791DDDF160982C200D996E9 /* Entities */,
				5791DDD01609703E00D996E9 /* Components */,
				5763C245160856DB0068D420 /* AppDelegate.cpp */,
				5763C246160856DB0068D420 /* AppDelegate.h */,
				5763C247160856DB0068D420 /* HelloWorldScene.cpp */,
				5763C248160856DB0068D420 /* HelloWorldScene.h */,
				5791DDDA160979FE00D996E9 /* YHMacros.h */,
				5791DE141609935600D996E9 /* GameMessages.h */,
			);
			name = Classes;
			path = ../Classes;
			sourceTree = "<group>";
		};
		5763C24B160856E20068D420 /* Resources */ = {
			isa = PBXGroup;
			children = (
				5763C24C160856E20068D420 /* CloseNormal.png */,
				5763C24D160856E20068D420 /* CloseSelected.png */,
				5763C24E160856E20068D420 /* Default.png */,
				5763C24F160856E20068D420 /* HelloWorld.png */,
				5763C250160856E20068D420 /* Icon-72.png */,
				5763C251160856E20068D420 /* Icon-Small-50.png */,
				5763C252160856E20068D420 /* Icon-Small.png */,
				5763C253160856E20068D420 /* Icon-Small@2x.png */,
				5763C254160856E20068D420 /* Icon.png */,
				5763C255160856E20068D420 /* Icon@2x.png */,
			);
			name = Resources;
			path = ../Resources;
			sourceTree = "<group>";
		};
		5763C2601608570A0068D420 /* CocosDenshion */ = {
			isa = PBXGroup;
			children = (
				5763C2761608570A0068D420 /* include */,
				5763C2791608570A0068D420 /* ios */,
			);
			name = CocosDenshion;
			path = ../../CocosDenshion;
			sourceTree = "<group>";
		};
		5763C2761608570A0068D420 /* include */ = {
			isa = PBXGroup;
			children = (
				5763C2771608570A0068D420 /* Export.h */,
				5763C2781608570A0068D420 /* SimpleAudioEngine.h */,
			);
			path = include;
			sourceTree = "<group>";
		};
		5763C2791608570A0068D420 /* ios */ = {
			isa = PBXGroup;
			children = (
				5763C27A1608570A0068D420 /* CDAudioManager.h */,
				5763C27B1608570A0068D420 /* CDAudioManager.m */,
				5763C27C1608570A0068D420 /* CDConfig.h */,
				5763C27D1608570A0068D420 /* CDOpenALSupport.h */,
				5763C27E1608570A0068D420 /* CDOpenALSupport.m */,
				5763C27F1608570A0068D420 /* CocosDenshion.h */,
				5763C2801608570A0068D420 /* CocosDenshion.m */,
				5763C2811608570A0068D420 /* SimpleAudioEngine.mm */,
				5763C2821608570A0068D420 /* SimpleAudioEngine_objc.h */,
				5763C2831608570A0068D420 /* SimpleAudioEngine_objc.m */,
			);
			path = ios;
			sourceTree = "<group>";
		};
		5791DDD01609703E00D996E9 /* Components */ = {
			isa = PBXGroup;
			children = (
				5758424A162D39A0008DA210 /* ManualAttackComponent.cpp */,
				5758424B162D39A0008DA210 /* ManualAttackComponent.h */,
				57584247162D3884008DA210 /* AutoAttackComponent.cpp */,
				57584248162D3884008DA210 /* AutoAttackComponent.h */,
				5791DDD31609703E00D996E9 /* AttackComponent.cpp */,
				5791DDD41609703E00D996E9 /* AttackComponent.h */,
				5791DDD51609703E00D996E9 /* Component.cpp */,
				5791DDD61609703E00D996E9 /* Component.h */,
				5791DE151609A30F00D996E9 /* ComponentEntity.h */,
				5791DE161609A37B00D996E9 /* ComponentEntity.cpp */,
			);
			path = Components;
			sourceTree = "<group>";
		};
		5791DDDF160982C200D996E9 /* Entities */ = {
			isa = PBXGroup;
			children = (
				57584244162D1B85008DA210 /* Monster.cpp */,
				57584245162D1B85008DA210 /* Monster.h */,
				5791DDE3160982EE00D996E9 /* Player.cpp */,
				5791DDE4160982EE00D996E9 /* Player.h */,
				5791DDE0160982C200D996E9 /* GameEntity.cpp */,
				5791DDE1160982C200D996E9 /* GameEntity.h */,
				57CAC2271609CC4D00B21CC3 /* GameEntity2.cpp */,
				57CAC2251609CC2600B21CC3 /* GameEntity2.h */,
			);
			path = Entities;
			sourceTree = "<group>";
		};
		5791DDE616098BC700D996E9 /* Message */ = {
			isa = PBXGroup;
			children = (
				57CAC2291609DF0600B21CC3 /* CCSpecMessageManager.cpp */,
				57CAC22A1609DF0600B21CC3 /* CCSpecMessageManager.h */,
				5791DDE716098BC800D996E9 /* CCCompleteMessageManager.cpp */,
				5791DDE816098BC800D996E9 /* CCCompleteMessageManager.h */,
				5791DDE916098BC800D996E9 /* CCIMessageManager.h */,
				5791DDEA16098BC800D996E9 /* CCMessage.cpp */,
				5791DDEB16098BC800D996E9 /* CCMessage.h */,
				5791DDEC16098BC800D996E9 /* CCMessageHandler.cpp */,
				5791DDED16098BC800D996E9 /* CCMessageHandler.h */,
				5791DDEE16098BC800D996E9 /* CCMessageManager.cpp */,
				5791DDEF16098BC800D996E9 /* CCMessageManager.h */,
				5791DDF016098BC800D996E9 /* CCNormalMessageManager.cpp */,
				5791DDF116098BC800D996E9 /* CCNormalMessageManager.h */,
				5791DDF216098BC800D996E9 /* CCSimpleMessageManager.cpp */,
				5791DDF316098BC800D996E9 /* CCSimpleMessageManager.h */,
			);
			name = Message;
			path = ../../CCLibs/Message;
			sourceTree = "<group>";
		};
/* End PBXGroup section */

/* Begin PBXNativeTarget section */
		5763BF991608554E0068D420 /* GameComponents */ = {
			isa = PBXNativeTarget;
			buildConfigurationList = 5763C226160855540068D420 /* Build configuration list for PBXNativeTarget "GameComponents" */;
			buildPhases = (
				5763BF961608554E0068D420 /* Sources */,
				5763BF971608554E0068D420 /* Frameworks */,
				5763BF981608554E0068D420 /* Resources */,
			);
			buildRules = (
			);
			dependencies = (
				5763C242160856160068D420 /* PBXTargetDependency */,
			);
			name = GameComponents;
			productName = GameComponents;
			productReference = 5763BF9A1608554E0068D420 /* GameComponents.app */;
			productType = "com.apple.product-type.application";
		};
/* End PBXNativeTarget section */

/* Begin PBXProject section */
		5763BF911608554D0068D420 /* Project object */ = {
			isa = PBXProject;
			attributes = {
				LastUpgradeCheck = 0430;
			};
			buildConfigurationList = 5763BF941608554D0068D420 /* Build configuration list for PBXProject "GameComponents" */;
			compatibilityVersion = "Xcode 3.2";
			developmentRegion = English;
			hasScannedForEncodings = 0;
			knownRegions = (
				en,
			);
			mainGroup = 5763BF8F1608554D0068D420;
			productRefGroup = 5763BF9B1608554E0068D420 /* Products */;
			projectDirPath = "";
			projectReferences = (
				{
					ProductGroup = 5763C238160855F80068D420 /* Products */;
					ProjectRef = 5763C237160855F80068D420 /* cocos2dx.xcodeproj */;
				},
			);
			projectRoot = "";
			targets = (
				5763BF991608554E0068D420 /* GameComponents */,
			);
		};
/* End PBXProject section */

/* Begin PBXReferenceProxy section */
		5763C23F160855F90068D420 /* libcocos2dx.a */ = {
			isa = PBXReferenceProxy;
			fileType = archive.ar;
			path = libcocos2dx.a;
			remoteRef = 5763C23E160855F90068D420 /* PBXContainerItemProxy */;
			sourceTree = BUILT_PRODUCTS_DIR;
		};
/* End PBXReferenceProxy section */

/* Begin PBXResourcesBuildPhase section */
		5763BF981608554E0068D420 /* Resources */ = {
			isa = PBXResourcesBuildPhase;
			buildActionMask = 2147483647;
			files = (
				5763C256160856E20068D420 /* CloseNormal.png in Resources */,
				5763C257160856E20068D420 /* CloseSelected.png in Resources */,
				5763C258160856E20068D420 /* Default.png in Resources */,
				5763C259160856E20068D420 /* HelloWorld.png in Resources */,
				5763C25A160856E20068D420 /* Icon-72.png in Resources */,
				5763C25B160856E20068D420 /* Icon-Small-50.png in Resources */,
				5763C25C160856E20068D420 /* Icon-Small.png in Resources */,
				5763C25D160856E20068D420 /* Icon-Small@2x.png in Resources */,
				5763C25E160856E20068D420 /* Icon.png in Resources */,
				5763C25F160856E20068D420 /* Icon@2x.png in Resources */,
				57CAC2261609CC2600B21CC3 /* GameEntity2.h in Resources */,
			);
			runOnlyForDeploymentPostprocessing = 0;
		};
/* End PBXResourcesBuildPhase section */

/* Begin PBXSourcesBuildPhase section */
		5763BF961608554E0068D420 /* Sources */ = {
			isa = PBXSourcesBuildPhase;
			buildActionMask = 2147483647;
			files = (
				5763C234160855E90068D420 /* AppController.mm in Sources */,
				5763C235160855E90068D420 /* main.m in Sources */,
				5763C236160855E90068D420 /* RootViewController.mm in Sources */,
				5763C249160856DB0068D420 /* AppDelegate.cpp in Sources */,
				5763C24A160856DB0068D420 /* HelloWorldScene.cpp in Sources */,
				5763C2DE1608570A0068D420 /* CDAudioManager.m in Sources */,
				5763C2DF1608570A0068D420 /* CDOpenALSupport.m in Sources */,
				5763C2E01608570A0068D420 /* CocosDenshion.m in Sources */,
				5763C2E11608570A0068D420 /* SimpleAudioEngine.mm in Sources */,
				5763C2E21608570A0068D420 /* SimpleAudioEngine_objc.m in Sources */,
				5791DDD81609703E00D996E9 /* AttackComponent.cpp in Sources */,
				5791DDD91609703E00D996E9 /* Component.cpp in Sources */,
				5791DDE5160982EE00D996E9 /* Player.cpp in Sources */,
				5791DDF416098BC800D996E9 /* CCCompleteMessageManager.cpp in Sources */,
				5791DDF516098BC800D996E9 /* CCMessage.cpp in Sources */,
				5791DDF616098BC800D996E9 /* CCMessageHandler.cpp in Sources */,
				5791DDF716098BC800D996E9 /* CCMessageManager.cpp in Sources */,
				5791DDF816098BC800D996E9 /* CCNormalMessageManager.cpp in Sources */,
				5791DDF916098BC800D996E9 /* CCSimpleMessageManager.cpp in Sources */,
				5791DE181609B7AE00D996E9 /* GameEntity.cpp in Sources */,
				57CAC22B1609DF0700B21CC3 /* CCSpecMessageManager.cpp in Sources */,
				57584246162D1B85008DA210 /* Monster.cpp in Sources */,
				57584249162D3884008DA210 /* AutoAttackComponent.cpp in Sources */,
				5758424C162D39A0008DA210 /* ManualAttackComponent.cpp in Sources */,
			);
			runOnlyForDeploymentPostprocessing = 0;
		};
/* End PBXSourcesBuildPhase section */

/* Begin PBXTargetDependency section */
		5763C242160856160068D420 /* PBXTargetDependency */ = {
			isa = PBXTargetDependency;
			name = cocos2dx;
			targetProxy = 5763C241160856160068D420 /* PBXContainerItemProxy */;
		};
/* End PBXTargetDependency section */

/* Begin XCBuildConfiguration section */
		5763C224160855540068D420 /* Debug */ = {
			isa = XCBuildConfiguration;
			buildSettings = {
				ARCHS = "$(ARCHS_STANDARD_32_BIT)";
				"CODE_SIGN_IDENTITY[sdk=iphoneos*]" = "iPhone Developer";
				GCC_C_LANGUAGE_STANDARD = gnu99;
				GCC_OPTIMIZATION_LEVEL = 0;
				GCC_PREPROCESSOR_DEFINITIONS = (
					DEBUG,
					"COCOS2D_DEBUG=1",
					USE_FILE32API,
					TARGET_OS_IPHONE,
				);
				GCC_SYMBOLS_PRIVATE_EXTERN = NO;
				GCC_WARN_ABOUT_RETURN_TYPE = YES;
				GCC_WARN_UNUSED_VARIABLE = YES;
				HEADER_SEARCH_PATHS = (
					"\"$(PROJECT_NAME)/libs/cocos2dx/kazmath/include\"",
					"\"$(PROJECT_NAME)/libs/cocos2dx\"",
					"\"$(PROJECT_NAME)/libs/CocosDenshion/include\"",
					"\"$(SDKROOT)/usr/include/libxml2\"",
				);
				IPHONEOS_DEPLOYMENT_TARGET = 5.1;
				SDKROOT = iphoneos;
			};
			name = Debug;
		};
		5763C225160855540068D420 /* Release */ = {
			isa = XCBuildConfiguration;
			buildSettings = {
				ARCHS = "$(ARCHS_STANDARD_32_BIT)";
				"CODE_SIGN_IDENTITY[sdk=iphoneos*]" = "iPhone Developer";
				GCC_C_LANGUAGE_STANDARD = gnu99;
				GCC_PREPROCESSOR_DEFINITIONS = (
					NDEBUG,
					USE_FILE32API,
					TARGET_OS_IPHONE,
				);
				GCC_WARN_ABOUT_RETURN_TYPE = YES;
				GCC_WARN_UNUSED_VARIABLE = YES;
				HEADER_SEARCH_PATHS = (
					"\"$(PROJECT_NAME)/libs/cocos2dx/kazmath/include\"",
					"\"$(PROJECT_NAME)/libs/cocos2dx\"",
					"\"$(PROJECT_NAME)/libs/CocosDenshion/include\"",
					"\"$(SDKROOT)/usr/include/libxml2\"",
				);
				IPHONEOS_DEPLOYMENT_TARGET = 5.1;
				OTHER_CFLAGS = "-DNS_BLOCK_ASSERTIONS=1";
				SDKROOT = iphoneos;
			};
			name = Release;
		};
		5763C227160855540068D420 /* Debug */ = {
			isa = XCBuildConfiguration;
			buildSettings = {
				ALWAYS_SEARCH_USER_PATHS = NO;
				COPY_PHASE_STRIP = NO;
				GCC_DYNAMIC_NO_PIC = NO;
				GCC_INLINES_ARE_PRIVATE_EXTERN = NO;
				GCC_PRECOMPILE_PREFIX_HEADER = YES;
				GCC_PREFIX_HEADER = Prefix.pch;
				"GCC_THUMB_SUPPORT[arch=armv6]" = "";
				HEADER_SEARCH_PATHS = (
					"\"$(SDKROOT)/usr/include/libxml2\"",
					"\"$(SRCROOT)/../../cocos2dx/kazmath/include\"",
					"\"$(SRCROOT)/../../cocos2dx\"",
					"\"$(SRCROOT)/../../cocos2dx/include\"",
					"\"$(SRCROOT)/../../CocosDenshion/include\"",
					"\"$(SRCROOT)/../../cocos2dx/platform/ios\"",
					"\"$(SRCROOT)/../../CCLibs/Message\"",
				);
				INFOPLIST_FILE = Info.plist;
				LIBRARY_SEARCH_PATHS = "$(inherited)";
				OTHER_LDFLAGS = (
					"-lxml2",
					"-lz",
					"-v",
				);
				PRODUCT_NAME = "$(TARGET_NAME)";
				WRAPPER_EXTENSION = app;
			};
			name = Debug;
		};
		5763C228160855540068D420 /* Release */ = {
			isa = XCBuildConfiguration;
			buildSettings = {
				ALWAYS_SEARCH_USER_PATHS = NO;
				COPY_PHASE_STRIP = YES;
				GCC_INLINES_ARE_PRIVATE_EXTERN = NO;
				GCC_PRECOMPILE_PREFIX_HEADER = YES;
				GCC_PREFIX_HEADER = Prefix.pch;
				GCC_SYMBOLS_PRIVATE_EXTERN = NO;
				"GCC_THUMB_SUPPORT[arch=armv6]" = "";
				HEADER_SEARCH_PATHS = (
					"\"$(SDKROOT)/usr/include/libxml2\"",
					"\"$(SRCROOT)/../../cocos2dx/kazmath/include\"",
					"\"$(SRCROOT)/../../cocos2dx\"",
					"\"$(SRCROOT)/../../cocos2dx/include\"",
					"\"$(SRCROOT)/../../CocosDenshion/include\"",
					"\"$(SRCROOT)/../../cocos2dx/platform/ios\"",
					"\"$(SRCROOT)/../../CCLibs/Message\"",
				);
				INFOPLIST_FILE = Info.plist;
				LIBRARY_SEARCH_PATHS = "$(inherited)";
				OTHER_LDFLAGS = (
					"-lxml2",
					"-lz",
					"-v",
				);
				PRODUCT_NAME = "$(TARGET_NAME)";
				VALIDATE_PRODUCT = YES;
				WRAPPER_EXTENSION = app;
			};
			name = Release;
		};
/* End XCBuildConfiguration section */

/* Begin XCConfigurationList section */
		5763BF941608554D0068D420 /* Build configuration list for PBXProject "GameComponents" */ = {
			isa = XCConfigurationList;
			buildConfigurations = (
				5763C224160855540068D420 /* Debug */,
				5763C225160855540068D420 /* Release */,
			);
			defaultConfigurationIsVisible = 0;
			defaultConfigurationName = Release;
		};
		5763C226160855540068D420 /* Build configuration list for PBXNativeTarget "GameComponents" */ = {
			isa = XCConfigurationList;
			buildConfigurations = (
				5763C227160855540068D420 /* Debug */,
				5763C228160855540068D420 /* Release */,
			);
			defaultConfigurationIsVisible = 0;
			defaultConfigurationName = Release;
		};
/* End XCConfigurationList section */
	};
	rootObject = 5763BF911608554D0068D420 /* Project object */;
}
